// !$*UTF8*$!
{
	archiveVersion = 1;
	classes = {
	};
	objectVersion = 77;
	objects = {

/* Begin PBXBuildFile section */
		022A3DD0127F90CAF19DD3B0 /* portrait.cube in Resources */ = {isa = PBXBuildFile; fileRef = F11336D02EB26860E82987BA /* portrait.cube */; };
		17F99F08AC9AA27192CA5859 /* CaptureWriter.swift in Sources */ = {isa = PBXBuildFile; fileRef = AA268BE9CC36C44691EEE33B /* CaptureWriter.swift */; };
		1DBB9F3B05AFA73653B85FED /* ReferencePicker.swift in Sources */ = {isa = PBXBuildFile; fileRef = 345FE1F933FCF9F4671FDE36 /* ReferencePicker.swift */; };
		3074A05F17934739691F07EB /* CuratedLooks.swift in Sources */ = {isa = PBXBuildFile; fileRef = E11E35E2ADBC784620911FC0 /* CuratedLooks.swift */; };
		32B2E474E77FCB6C6CA67DA3 /* ReferenceStrip.swift in Sources */ = {isa = PBXBuildFile; fileRef = CA9C3288BFA2C2AC85DD2D70 /* ReferenceStrip.swift */; };
		4E3046565949DCE395DD2769 /* MimicameraApp.swift in Sources */ = {isa = PBXBuildFile; fileRef = A52CCF10ABB6E591A015A9BA /* MimicameraApp.swift */; };
		80B796DFEA15D7137274A204 /* MimicameraClient.swift in Sources */ = {isa = PBXBuildFile; fileRef = 9489D6013835D1BDC295B74D /* MimicameraClient.swift */; };
		8B24AEE470655E063FEA8B2E /* film.jpg in Resources */ = {isa = PBXBuildFile; fileRef = DF0E078F3AFBEFE549719A10 /* film.jpg */; };
		918807E9C110FC5D1D38170A /* noir.jpg in Resources */ = {isa = PBXBuildFile; fileRef = 1211B1DCE73286E806B5ABDB /* noir.jpg */; };
		9B303ED1654AD22DF9E4AB91 /* manifest.json in Resources */ = {isa = PBXBuildFile; fileRef = CA956DFC94B51213F1E41BEC /* manifest.json */; };
		A0A7430238D62738F8877213 /* overcast.cube in Resources */ = {isa = PBXBuildFile; fileRef = BC65B1B80DB718FEEBD77398 /* overcast.cube */; };
		A1D97EF9993CB864084FB209 /* golden-hour.jpg in Resources */ = {isa = PBXBuildFile; fileRef = 432017891FE327CFFE492594 /* golden-hour.jpg */; };
		A6F3A6AEA4B130F4344CF9C0 /* golden-hour.cube in Resources */ = {isa = PBXBuildFile; fileRef = 14791145A7ACE85D8A824AED /* golden-hour.cube */; };
		AB649BEF741C4DF12AF3417E /* pastel.cube in Resources */ = {isa = PBXBuildFile; fileRef = F6BB93903C7EA90A7300237A /* pastel.cube */; };
		B3E36DF479C20267840F6152 /* CameraView.swift in Sources */ = {isa = PBXBuildFile; fileRef = FD6A0AC933970C94289B726D /* CameraView.swift */; };
		B70550D9CABD285912E6BB01 /* pastel.jpg in Resources */ = {isa = PBXBuildFile; fileRef = 651D4513790BAAE46D955123 /* pastel.jpg */; };
		CEC87ACC326EFF77C46DD63C /* noir.cube in Resources */ = {isa = PBXBuildFile; fileRef = C102B9712FD73A462F24CF28 /* noir.cube */; };
		CF42687D6FAC9ED9359777F7 /* LUTPipeline.swift in Sources */ = {isa = PBXBuildFile; fileRef = 819F3E08D70E23EA02E57F23 /* LUTPipeline.swift */; };
		D835333DA8E7FA55C0D1F800 /* ContentView.swift in Sources */ = {isa = PBXBuildFile; fileRef = 89094EF65A12DE479F411FE6 /* ContentView.swift */; };
		DA27F926A623DE77F370D07B /* portrait.jpg in Resources */ = {isa = PBXBuildFile; fileRef = 24AB87A34A6691EB3147C676 /* portrait.jpg */; };
		E2877DC875CF9BE056218495 /* overcast.jpg in Resources */ = {isa = PBXBuildFile; fileRef = 5FBC2DCED413F5F38C64E06F /* overcast.jpg */; };
		E643A74DD59D3B1BDBF7C2CA /* film.cube in Resources */ = {isa = PBXBuildFile; fileRef = 957BA1630AD1E4ADBBD12249 /* film.cube */; };
		FF0D2D97C21E8F0B064D97F7 /* CubeLUT.swift in Sources */ = {isa = PBXBuildFile; fileRef = 04CB84865F9533A29CB6C8F6 /* CubeLUT.swift */; };
/* End PBXBuildFile section */

/* Begin PBXFileReference section */
		04CB84865F9533A29CB6C8F6 /* CubeLUT.swift */ = {isa = PBXFileReference; lastKnownFileType = sourcecode.swift; path = CubeLUT.swift; sourceTree = "<group>"; };
		1211B1DCE73286E806B5ABDB /* noir.jpg */ = {isa = PBXFileReference; lastKnownFileType = image.jpeg; path = noir.jpg; sourceTree = "<group>"; };
		14791145A7ACE85D8A824AED /* golden-hour.cube */ = {isa = PBXFileReference; path = "golden-hour.cube"; sourceTree = "<group>"; };
		227157EC475089C6137053D8 /* Mimicamera.app */ = {isa = PBXFileReference; includeInIndex = 0; lastKnownFileType = wrapper.application; path = Mimicamera.app; sourceTree = BUILT_PRODUCTS_DIR; };
		24AB87A34A6691EB3147C676 /* portrait.jpg */ = {isa = PBXFileReference; lastKnownFileType = image.jpeg; path = portrait.jpg; sourceTree = "<group>"; };
		345FE1F933FCF9F4671FDE36 /* ReferencePicker.swift */ = {isa = PBXFileReference; lastKnownFileType = sourcecode.swift; path = ReferencePicker.swift; sourceTree = "<group>"; };
		432017891FE327CFFE492594 /* golden-hour.jpg */ = {isa = PBXFileReference; lastKnownFileType = image.jpeg; path = "golden-hour.jpg"; sourceTree = "<group>"; };
		5FBC2DCED413F5F38C64E06F /* overcast.jpg */ = {isa = PBXFileReference; lastKnownFileType = image.jpeg; path = overcast.jpg; sourceTree = "<group>"; };
		651D4513790BAAE46D955123 /* pastel.jpg */ = {isa = PBXFileReference; lastKnownFileType = image.jpeg; path = pastel.jpg; sourceTree = "<group>"; };
		819F3E08D70E23EA02E57F23 /* LUTPipeline.swift */ = {isa = PBXFileReference; lastKnownFileType = sourcecode.swift; path = LUTPipeline.swift; sourceTree = "<group>"; };
		89094EF65A12DE479F411FE6 /* ContentView.swift */ = {isa = PBXFileReference; lastKnownFileType = sourcecode.swift; path = ContentView.swift; sourceTree = "<group>"; };
		9489D6013835D1BDC295B74D /* MimicameraClient.swift */ = {isa = PBXFileReference; lastKnownFileType = sourcecode.swift; path = MimicameraClient.swift; sourceTree = "<group>"; };
		957BA1630AD1E4ADBBD12249 /* film.cube */ = {isa = PBXFileReference; path = film.cube; sourceTree = "<group>"; };
		A52CCF10ABB6E591A015A9BA /* MimicameraApp.swift */ = {isa = PBXFileReference; lastKnownFileType = sourcecode.swift; path = MimicameraApp.swift; sourceTree = "<group>"; };
		AA268BE9CC36C44691EEE33B /* CaptureWriter.swift */ = {isa = PBXFileReference; lastKnownFileType = sourcecode.swift; path = CaptureWriter.swift; sourceTree = "<group>"; };
		BC65B1B80DB718FEEBD77398 /* overcast.cube */ = {isa = PBXFileReference; path = overcast.cube; sourceTree = "<group>"; };
		C102B9712FD73A462F24CF28 /* noir.cube */ = {isa = PBXFileReference; path = noir.cube; sourceTree = "<group>"; };
		CA956DFC94B51213F1E41BEC /* manifest.json */ = {isa = PBXFileReference; lastKnownFileType = text.json; path = manifest.json; sourceTree = "<group>"; };
		CA9C3288BFA2C2AC85DD2D70 /* ReferenceStrip.swift */ = {isa = PBXFileReference; lastKnownFileType = sourcecode.swift; path = ReferenceStrip.swift; sourceTree = "<group>"; };
		DF0E078F3AFBEFE549719A10 /* film.jpg */ = {isa = PBXFileReference; lastKnownFileType = image.jpeg; path = film.jpg; sourceTree = "<group>"; };
		E11E35E2ADBC784620911FC0 /* CuratedLooks.swift */ = {isa = PBXFileReference; lastKnownFileType = sourcecode.swift; path = CuratedLooks.swift; sourceTree = "<group>"; };
		F11336D02EB26860E82987BA /* portrait.cube */ = {isa = PBXFileReference; path = portrait.cube; sourceTree = "<group>"; };
		F6BB93903C7EA90A7300237A /* pastel.cube */ = {isa = PBXFileReference; path = pastel.cube; sourceTree = "<group>"; };
		FD6A0AC933970C94289B726D /* CameraView.swift */ = {isa = PBXFileReference; lastKnownFileType = sourcecode.swift; path = CameraView.swift; sourceTree = "<group>"; };
/* End PBXFileReference section */

/* Begin PBXGroup section */
		2DBEFEDFDE1D7A5A821EC8E9 /* Products */ = {
			isa = PBXGroup;
			children = (
				227157EC475089C6137053D8 /* Mimicamera.app */,
			);
			name = Products;
			sourceTree = "<group>";
		};
		4916F71B5F966D970E9F7E8B /* Resources */ = {
			isa = PBXGroup;
			children = (
				FFF9E84FD987E527C8795E37 /* CuratedLUTs */,
			);
			path = Resources;
			sourceTree = "<group>";
		};
		5439D4E762C50826A3ED40FA /* Mimicamera */ = {
			isa = PBXGroup;
			children = (
				CAAA44673794D1E2D7339954 /* API */,
				862A5E5E00EB71B92EA3FF0E /* Camera */,
				EE090CE04D20F2D814280843 /* Capture */,
				F6BD4BC5E5CC15209EED91A7 /* Reference */,
				4916F71B5F966D970E9F7E8B /* Resources */,
				89094EF65A12DE479F411FE6 /* ContentView.swift */,
				A52CCF10ABB6E591A015A9BA /* MimicameraApp.swift */,
			);
			path = Mimicamera;
			sourceTree = "<group>";
		};
		862A5E5E00EB71B92EA3FF0E /* Camera */ = {
			isa = PBXGroup;
			children = (
				FD6A0AC933970C94289B726D /* CameraView.swift */,
				04CB84865F9533A29CB6C8F6 /* CubeLUT.swift */,
				819F3E08D70E23EA02E57F23 /* LUTPipeline.swift */,
			);
			path = Camera;
			sourceTree = "<group>";
		};
		CAAA44673794D1E2D7339954 /* API */ = {
			isa = PBXGroup;
			children = (
				9489D6013835D1BDC295B74D /* MimicameraClient.swift */,
			);
			path = API;
			sourceTree = "<group>";
		};
		D169E70318F522EE1951FB6C = {
			isa = PBXGroup;
			children = (
				5439D4E762C50826A3ED40FA /* Mimicamera */,
				2DBEFEDFDE1D7A5A821EC8E9 /* Products */,
			);
			sourceTree = "<group>";
		};
		EE090CE04D20F2D814280843 /* Capture */ = {
			isa = PBXGroup;
			children = (
				AA268BE9CC36C44691EEE33B /* CaptureWriter.swift */,
			);
			path = Capture;
			sourceTree = "<group>";
		};
		F6BD4BC5E5CC15209EED91A7 /* Reference */ = {
			isa = PBXGroup;
			children = (
				E11E35E2ADBC784620911FC0 /* CuratedLooks.swift */,
				345FE1F933FCF9F4671FDE36 /* ReferencePicker.swift */,
				CA9C3288BFA2C2AC85DD2D70 /* ReferenceStrip.swift */,
			);
			path = Reference;
			sourceTree = "<group>";
		};
		FFF9E84FD987E527C8795E37 /* CuratedLUTs */ = {
			isa = PBXGroup;
			children = (
				957BA1630AD1E4ADBBD12249 /* film.cube */,
				DF0E078F3AFBEFE549719A10 /* film.jpg */,
				14791145A7ACE85D8A824AED /* golden-hour.cube */,
				432017891FE327CFFE492594 /* golden-hour.jpg */,
				CA956DFC94B51213F1E41BEC /* manifest.json */,
				C102B9712FD73A462F24CF28 /* noir.cube */,
				1211B1DCE73286E806B5ABDB /* noir.jpg */,
				BC65B1B80DB718FEEBD77398 /* overcast.cube */,
				5FBC2DCED413F5F38C64E06F /* overcast.jpg */,
				F6BB93903C7EA90A7300237A /* pastel.cube */,
				651D4513790BAAE46D955123 /* pastel.jpg */,
				F11336D02EB26860E82987BA /* portrait.cube */,
				24AB87A34A6691EB3147C676 /* portrait.jpg */,
			);
			path = CuratedLUTs;
			sourceTree = "<group>";
		};
/* End PBXGroup section */

/* Begin PBXNativeTarget section */
		F18D65C3A60E9AEB869F247D /* Mimicamera */ = {
			isa = PBXNativeTarget;
			buildConfigurationList = 6A8B3F2156B1B84DA9CAECC7 /* Build configuration list for PBXNativeTarget "Mimicamera" */;
			buildPhases = (
				F655C48F5A63FBFC2AED4A15 /* Sources */,
				585E9E168C47CE8A63EBF244 /* Resources */,
			);
			buildRules = (
			);
			dependencies = (
			);
			name = Mimicamera;
			packageProductDependencies = (
			);
			productName = Mimicamera;
			productReference = 227157EC475089C6137053D8 /* Mimicamera.app */;
			productType = "com.apple.product-type.application";
		};
/* End PBXNativeTarget section */

/* Begin PBXProject section */
		EBD4F27BF1DE11B051F4B715 /* Project object */ = {
			isa = PBXProject;
			attributes = {
				BuildIndependentTargetsInParallel = YES;
				LastUpgradeCheck = 1430;
				TargetAttributes = {
					F18D65C3A60E9AEB869F247D = {
						ProvisioningStyle = Automatic;
					};
				};
			};
			buildConfigurationList = 63C61F3A61898FB506EBDD99 /* Build configuration list for PBXProject "Mimicamera" */;
			developmentRegion = en;
			hasScannedForEncodings = 0;
			knownRegions = (
				Base,
				en,
			);
			mainGroup = D169E70318F522EE1951FB6C;
			minimizedProjectReferenceProxies = 1;
			preferredProjectObjectVersion = 77;
			productRefGroup = 2DBEFEDFDE1D7A5A821EC8E9 /* Products */;
			projectDirPath = "";
			projectRoot = "";
			targets = (
				F18D65C3A60E9AEB869F247D /* Mimicamera */,
			);
		};
/* End PBXProject section */

/* Begin PBXResourcesBuildPhase section */
		585E9E168C47CE8A63EBF244 /* Resources */ = {
			isa = PBXResourcesBuildPhase;
			buildActionMask = 2147483647;
			files = (
				E643A74DD59D3B1BDBF7C2CA /* film.cube in Resources */,
				8B24AEE470655E063FEA8B2E /* film.jpg in Resources */,
				A6F3A6AEA4B130F4344CF9C0 /* golden-hour.cube in Resources */,
				A1D97EF9993CB864084FB209 /* golden-hour.jpg in Resources */,
				9B303ED1654AD22DF9E4AB91 /* manifest.json in Resources */,
				CEC87ACC326EFF77C46DD63C /* noir.cube in Resources */,
				918807E9C110FC5D1D38170A /* noir.jpg in Resources */,
				A0A7430238D62738F8877213 /* overcast.cube in Resources */,
				E2877DC875CF9BE056218495 /* overcast.jpg in Resources */,
				AB649BEF741C4DF12AF3417E /* pastel.cube in Resources */,
				B70550D9CABD285912E6BB01 /* pastel.jpg in Resources */,
				022A3DD0127F90CAF19DD3B0 /* portrait.cube in Resources */,
				DA27F926A623DE77F370D07B /* portrait.jpg in Resources */,
			);
			runOnlyForDeploymentPostprocessing = 0;
		};
/* End PBXResourcesBuildPhase section */

/* Begin PBXSourcesBuildPhase section */
		F655C48F5A63FBFC2AED4A15 /* Sources */ = {
			isa = PBXSourcesBuildPhase;
			buildActionMask = 2147483647;
			files = (
				B3E36DF479C20267840F6152 /* CameraView.swift in Sources */,
				17F99F08AC9AA27192CA5859 /* CaptureWriter.swift in Sources */,
				D835333DA8E7FA55C0D1F800 /* ContentView.swift in Sources */,
				FF0D2D97C21E8F0B064D97F7 /* CubeLUT.swift in Sources */,
				3074A05F17934739691F07EB /* CuratedLooks.swift in Sources */,
				CF42687D6FAC9ED9359777F7 /* LUTPipeline.swift in Sources */,
				4E3046565949DCE395DD2769 /* MimicameraApp.swift in Sources */,
				80B796DFEA15D7137274A204 /* MimicameraClient.swift in Sources */,
				1DBB9F3B05AFA73653B85FED /* ReferencePicker.swift in Sources */,
				32B2E474E77FCB6C6CA67DA3 /* ReferenceStrip.swift in Sources */,
			);
			runOnlyForDeploymentPostprocessing = 0;
		};
/* End PBXSourcesBuildPhase section */

/* Begin XCBuildConfiguration section */
		53E006E8B7DC2BB91A0BC118 /* Release */ = {
			isa = XCBuildConfiguration;
			buildSettings = {
				ALWAYS_SEARCH_USER_PATHS = NO;
				CLANG_ANALYZER_NONNULL = YES;
				CLANG_ANALYZER_NUMBER_OBJECT_CONVERSION = YES_AGGRESSIVE;
				CLANG_CXX_LANGUAGE_STANDARD = "gnu++14";
				CLANG_CXX_LIBRARY = "libc++";
				CLANG_ENABLE_MODULES = YES;
				CLANG_ENABLE_OBJC_ARC = YES;
				CLANG_ENABLE_OBJC_WEAK = YES;
				CLANG_WARN_BLOCK_CAPTURE_AUTORELEASING = YES;
				CLANG_WARN_BOOL_CONVERSION = YES;
				CLANG_WARN_COMMA = YES;
				CLANG_WARN_CONSTANT_CONVERSION = YES;
				CLANG_WARN_DEPRECATED_OBJC_IMPLEMENTATIONS = YES;
				CLANG_WARN_DIRECT_OBJC_ISA_USAGE = YES_ERROR;
				CLANG_WARN_DOCUMENTATION_COMMENTS = YES;
				CLANG_WARN_EMPTY_BODY = YES;
				CLANG_WARN_ENUM_CONVERSION = YES;
				CLANG_WARN_INFINITE_RECURSION = YES;
				CLANG_WARN_INT_CONVERSION = YES;
				CLANG_WARN_NON_LITERAL_NULL_CONVERSION = YES;
				CLANG_WARN_OBJC_IMPLICIT_RETAIN_SELF = YES;
				CLANG_WARN_OBJC_LITERAL_CONVERSION = YES;
				CLANG_WARN_OBJC_ROOT_CLASS = YES_ERROR;
				CLANG_WARN_QUOTED_INCLUDE_IN_FRAMEWORK_HEADER = YES;
				CLANG_WARN_RANGE_LOOP_ANALYSIS = YES;
				CLANG_WARN_STRICT_PROTOTYPES = YES;
				CLANG_WARN_SUSPICIOUS_MOVE = YES;
				CLANG_WARN_UNGUARDED_AVAILABILITY = YES_AGGRESSIVE;
				CLANG_WARN_UNREACHABLE_CODE = YES;
				CLANG_WARN__DUPLICATE_METHOD_MATCH = YES;
				COPY_PHASE_STRIP = NO;
				CURRENT_PROJECT_VERSION = 1;
				DEBUG_INFORMATION_FORMAT = "dwarf-with-dsym";
				ENABLE_NS_ASSERTIONS = NO;
				ENABLE_STRICT_OBJC_MSGSEND = YES;
				GCC_C_LANGUAGE_STANDARD = gnu11;
				GCC_NO_COMMON_BLOCKS = YES;
				GCC_WARN_64_TO_32_BIT_CONVERSION = YES;
				GCC_WARN_ABOUT_RETURN_TYPE = YES_ERROR;
				GCC_WARN_UNDECLARED_SELECTOR = YES;
				GCC_WARN_UNINITIALIZED_AUTOS = YES_AGGRESSIVE;
				GCC_WARN_UNUSED_FUNCTION = YES;
				GCC_WARN_UNUSED_VARIABLE = YES;
				IPHONEOS_DEPLOYMENT_TARGET = 17.0;
				MARKETING_VERSION = 0.1.0;
				MTL_ENABLE_DEBUG_INFO = NO;
				MTL_FAST_MATH = YES;
				PRODUCT_NAME = "$(TARGET_NAME)";
				SDKROOT = iphoneos;
				SWIFT_COMPILATION_MODE = wholemodule;
				SWIFT_OPTIMIZATION_LEVEL = "-O";
				SWIFT_VERSION = 5.0;
			};
			name = Release;
		};
		5A1D4097F7FFC51B6C136508 /* Debug */ = {
			isa = XCBuildConfiguration;
			buildSettings = {
				ASSETCATALOG_COMPILER_APPICON_NAME = AppIcon;
				CODE_SIGN_IDENTITY = "iPhone Developer";
				CODE_SIGN_STYLE = Automatic;
				ENABLE_USER_SCRIPT_SANDBOXING = NO;
				GENERATE_INFOPLIST_FILE = NO;
				INFOPLIST_FILE = Mimicamera/Info.plist;
				LD_RUNPATH_SEARCH_PATHS = (
					"$(inherited)",
					"@executable_path/Frameworks",
				);
				PRODUCT_BUNDLE_IDENTIFIER = com.yablezhao.mimicamera;
				PRODUCT_NAME = Mimicamera;
				SDKROOT = iphoneos;
				TARGETED_DEVICE_FAMILY = 1;
			};
			name = Debug;
		};
		AEAFA3EE55C3CB994B3FA74F /* Release */ = {
			isa = XCBuildConfiguration;
			buildSettings = {
				ASSETCATALOG_COMPILER_APPICON_NAME = AppIcon;
				CODE_SIGN_IDENTITY = "iPhone Developer";
				CODE_SIGN_STYLE = Automatic;
				ENABLE_USER_SCRIPT_SANDBOXING = NO;
				GENERATE_INFOPLIST_FILE = NO;
				INFOPLIST_FILE = Mimicamera/Info.plist;
				LD_RUNPATH_SEARCH_PATHS = (
					"$(inherited)",
					"@executable_path/Frameworks",
				);
				PRODUCT_BUNDLE_IDENTIFIER = com.yablezhao.mimicamera;
				PRODUCT_NAME = Mimicamera;
				SDKROOT = iphoneos;
				TARGETED_DEVICE_FAMILY = 1;
			};
			name = Release;
		};
		D6146907F86CC5056AE78C8E /* Debug */ = {
			isa = XCBuildConfiguration;
			buildSettings = {
				ALWAYS_SEARCH_USER_PATHS = NO;
				CLANG_ANALYZER_NONNULL = YES;
				CLANG_ANALYZER_NUMBER_OBJECT_CONVERSION = YES_AGGRESSIVE;
				CLANG_CXX_LANGUAGE_STANDARD = "gnu++14";
				CLANG_CXX_LIBRARY = "libc++";
				CLANG_ENABLE_MODULES = YES;
				CLANG_ENABLE_OBJC_ARC = YES;
				CLANG_ENABLE_OBJC_WEAK = YES;
				CLANG_WARN_BLOCK_CAPTURE_AUTORELEASING = YES;
				CLANG_WARN_BOOL_CONVERSION = YES;
				CLANG_WARN_COMMA = YES;
				CLANG_WARN_CONSTANT_CONVERSION = YES;
				CLANG_WARN_DEPRECATED_OBJC_IMPLEMENTATIONS = YES;
				CLANG_WARN_DIRECT_OBJC_ISA_USAGE = YES_ERROR;
				CLANG_WARN_DOCUMENTATION_COMMENTS = YES;
				CLANG_WARN_EMPTY_BODY = YES;
				CLANG_WARN_ENUM_CONVERSION = YES;
				CLANG_WARN_INFINITE_RECURSION = YES;
				CLANG_WARN_INT_CONVERSION = YES;
				CLANG_WARN_NON_LITERAL_NULL_CONVERSION = YES;
				CLANG_WARN_OBJC_IMPLICIT_RETAIN_SELF = YES;
				CLANG_WARN_OBJC_LITERAL_CONVERSION = YES;
				CLANG_WARN_OBJC_ROOT_CLASS = YES_ERROR;
				CLANG_WARN_QUOTED_INCLUDE_IN_FRAMEWORK_HEADER = YES;
				CLANG_WARN_RANGE_LOOP_ANALYSIS = YES;
				CLANG_WARN_STRICT_PROTOTYPES = YES;
				CLANG_WARN_SUSPICIOUS_MOVE = YES;
				CLANG_WARN_UNGUARDED_AVAILABILITY = YES_AGGRESSIVE;
				CLANG_WARN_UNREACHABLE_CODE = YES;
				CLANG_WARN__DUPLICATE_METHOD_MATCH = YES;
				COPY_PHASE_STRIP = NO;
				CURRENT_PROJECT_VERSION = 1;
				DEBUG_INFORMATION_FORMAT = dwarf;
				ENABLE_STRICT_OBJC_MSGSEND = YES;
				ENABLE_TESTABILITY = YES;
				GCC_C_LANGUAGE_STANDARD = gnu11;
				GCC_DYNAMIC_NO_PIC = NO;
				GCC_NO_COMMON_BLOCKS = YES;
				GCC_OPTIMIZATION_LEVEL = 0;
				GCC_PREPROCESSOR_DEFINITIONS = (
					"$(inherited)",
					"DEBUG=1",
				);
				GCC_WARN_64_TO_32_BIT_CONVERSION = YES;
				GCC_WARN_ABOUT_RETURN_TYPE = YES_ERROR;
				GCC_WARN_UNDECLARED_SELECTOR = YES;
				GCC_WARN_UNINITIALIZED_AUTOS = YES_AGGRESSIVE;
				GCC_WARN_UNUSED_FUNCTION = YES;
				GCC_WARN_UNUSED_VARIABLE = YES;
				IPHONEOS_DEPLOYMENT_TARGET = 17.0;
				MARKETING_VERSION = 0.1.0;
				MTL_ENABLE_DEBUG_INFO = INCLUDE_SOURCE;
				MTL_FAST_MATH = YES;
				ONLY_ACTIVE_ARCH = YES;
				PRODUCT_NAME = "$(TARGET_NAME)";
				SDKROOT = iphoneos;
				SWIFT_ACTIVE_COMPILATION_CONDITIONS = DEBUG;
				SWIFT_OPTIMIZATION_LEVEL = "-Onone";
				SWIFT_VERSION = 5.0;
			};
			name = Debug;
		};
/* End XCBuildConfiguration section */

/* Begin XCConfigurationList section */
		63C61F3A61898FB506EBDD99 /* Build configuration list for PBXProject "Mimicamera" */ = {
			isa = XCConfigurationList;
			buildConfigurations = (
				D6146907F86CC5056AE78C8E /* Debug */,
				53E006E8B7DC2BB91A0BC118 /* Release */,
			);
			defaultConfigurationIsVisible = 0;
			defaultConfigurationName = Debug;
		};
		6A8B3F2156B1B84DA9CAECC7 /* Build configuration list for PBXNativeTarget "Mimicamera" */ = {
			isa = XCConfigurationList;
			buildConfigurations = (
				5A1D4097F7FFC51B6C136508 /* Debug */,
				AEAFA3EE55C3CB994B3FA74F /* Release */,
			);
			defaultConfigurationIsVisible = 0;
			defaultConfigurationName = Debug;
		};
/* End XCConfigurationList section */
	};
	rootObject = EBD4F27BF1DE11B051F4B715 /* Project object */;
}
